
Microsoft Visual Studio Solution File, Format Version 12.00
# Visual Studio Version 17
VisualStudioVersion = 17.14.36511.14 d17.14
MinimumVisualStudioVersion = 10.0.40219.1
Project("{FAE04EC0-301F-11D3-BF4B-00C04F79EFBC}") = "Reto2RutaTesoro", "Reto2RutaTesoro\Reto2RutaTesoro.csproj", "{3019257E-11D5-42E2-A974-5573C7E381C7}"
EndProject
Global
	GlobalSection(SolutionConfigurationPlatforms) = preSolution
		Debug|Any CPU = Debug|Any CPU
		Release|Any CPU = Release|Any CPU
	EndGlobalSection
	GlobalSection(ProjectConfigurationPlatforms) = postSolution
		{3019257E-11D5-42E2-A974-5573C7E381C7}.Debug|Any CPU.ActiveCfg = Debug|Any CPU
		{3019257E-11D5-42E2-A974-5573C7E381C7}.Debug|Any CPU.Build.0 = Debug|Any CPU
		{3019257E-11D5-42E2-A974-5573C7E381C7}.Release|Any CPU.ActiveCfg = Release|Any CPU
		{3019257E-11D5-42E2-A974-5573C7E381C7}.Release|Any CPU.Build.0 = Release|Any CPU
	EndGlobalSection
	GlobalSection(SolutionProperties) = preSolution
		HideSolutionNode = FALSE
	EndGlobalSection
	GlobalSection(ExtensibilityGlobals) = postSolution
		SolutionGuid = {C04EF8BD-F7A2-4546-986A-712A4E94283B}
	EndGlobalSection
EndGlobal
